
Microsoft Visual Studio Solution File, Format Version 12.00
# Visual Studio Version 16
VisualStudioVersion = 16.0.32413.511
MinimumVisualStudioVersion = 10.0.40219.1
Project("{9A19103F-16F7-4668-BE54-9A1E7A4F7556}") = "Application", "Application\Application.csproj", "{00CBEB6D-AFCB-45AD-9239-91BF18EF5A0E}"
EndProject
Project("{9A19103F-16F7-4668-BE54-9A1E7A4F7556}") = "Domain", "Domain\Domain.csproj", "{CBFC2EA1-AD33-4615-800A-1D1BF1283F79}"
EndProject
Project("{9A19103F-16F7-4668-BE54-9A1E7A4F7556}") = "Core", "Core\Core.csproj", "{ACCB731C-E203-4697-B8AA-92C58D83ACA9}"
EndProject
Project("{9A19103F-16F7-4668-BE54-9A1E7A4F7556}") = "Web", "Web\Web.csproj", "{D51A52F1-9CF5-46B6-A547-E585FBDDD8EB}"
EndProject
Global
	GlobalSection(SolutionConfigurationPlatforms) = preSolution
		Debug|Any CPU = Debug|Any CPU
		Release|Any CPU = Release|Any CPU
	EndGlobalSection
	GlobalSection(ProjectConfigurationPlatforms) = postSolution
		{00CBEB6D-AFCB-45AD-9239-91BF18EF5A0E}.Debug|Any CPU.ActiveCfg = Debug|Any CPU
		{00CBEB6D-AFCB-45AD-9239-91BF18EF5A0E}.Debug|Any CPU.Build.0 = Debug|Any CPU
		{00CBEB6D-AFCB-45AD-9239-91BF18EF5A0E}.Release|Any CPU.ActiveCfg = Release|Any CPU
		{00CBEB6D-AFCB-45AD-9239-91BF18EF5A0E}.Release|Any CPU.Build.0 = Release|Any CPU
		{CBFC2EA1-AD33-4615-800A-1D1BF1283F79}.Debug|Any CPU.ActiveCfg = Debug|Any CPU
		{CBFC2EA1-AD33-4615-800A-1D1BF1283F79}.Debug|Any CPU.Build.0 = Debug|Any CPU
		{CBFC2EA1-AD33-4615-800A-1D1BF1283F79}.Release|Any CPU.ActiveCfg = Release|Any CPU
		{CBFC2EA1-AD33-4615-800A-1D1BF1283F79}.Release|Any CPU.Build.0 = Release|Any CPU
		{ACCB731C-E203-4697-B8AA-92C58D83ACA9}.Debug|Any CPU.ActiveCfg = Debug|Any CPU
		{ACCB731C-E203-4697-B8AA-92C58D83ACA9}.Debug|Any CPU.Build.0 = Debug|Any CPU
		{ACCB731C-E203-4697-B8AA-92C58D83ACA9}.Release|Any CPU.ActiveCfg = Release|Any CPU
		{ACCB731C-E203-4697-B8AA-92C58D83ACA9}.Release|Any CPU.Build.0 = Release|Any CPU
		{D51A52F1-9CF5-46B6-A547-E585FBDDD8EB}.Debug|Any CPU.ActiveCfg = Debug|Any CPU
		{D51A52F1-9CF5-46B6-A547-E585FBDDD8EB}.Debug|Any CPU.Build.0 = Debug|Any CPU
		{D51A52F1-9CF5-46B6-A547-E585FBDDD8EB}.Release|Any CPU.ActiveCfg = Release|Any CPU
		{D51A52F1-9CF5-46B6-A547-E585FBDDD8EB}.Release|Any CPU.Build.0 = Release|Any CPU
	EndGlobalSection
	GlobalSection(SolutionProperties) = preSolution
		HideSolutionNode = FALSE
	EndGlobalSection
	GlobalSection(ExtensibilityGlobals) = postSolution
		SolutionGuid = {E4E9BCBD-1EEF-4401-B15A-32D84B79ADC5}
	EndGlobalSection
EndGlobal
